
Microsoft Visual Studio Solution File, Format Version 12.00
# Visual Studio Version 16
VisualStudioVersion = 16.0.29306.81
MinimumVisualStudioVersion = 10.0.40219.1
Project("{FAE04EC0-301F-11D3-BF4B-00C04F79EFBC}") = "Percents", "Percents\Percents.csproj", "{7481CC3B-2264-46E8-A2D1-9CAD316F87D0}"
EndProject
Global
	GlobalSection(SolutionConfigurationPlatforms) = preSolution
		Debug|Any CPU = Debug|Any CPU
		Release|Any CPU = Release|Any CPU
	EndGlobalSection
	GlobalSection(ProjectConfigurationPlatforms) = postSolution
		{7481CC3B-2264-46E8-A2D1-9CAD316F87D0}.Debug|Any CPU.ActiveCfg = Debug|Any CPU
		{7481CC3B-2264-46E8-A2D1-9CAD316F87D0}.Debug|Any CPU.Build.0 = Debug|Any CPU
		{7481CC3B-2264-46E8-A2D1-9CAD316F87D0}.Release|Any CPU.ActiveCfg = Release|Any CPU
		{7481CC3B-2264-46E8-A2D1-9CAD316F87D0}.Release|Any CPU.Build.0 = Release|Any CPU
	EndGlobalSection
	GlobalSection(SolutionProperties) = preSolution
		HideSolutionNode = FALSE
	EndGlobalSection
	GlobalSection(ExtensibilityGlobals) = postSolution
		SolutionGuid = {0A8478A8-9C25-4968-8C4B-366FDE459979}
	EndGlobalSection
EndGlobal
