
Microsoft Visual Studio Solution File, Format Version 12.00
# Visual Studio Version 16
VisualStudioVersion = 16.0.29306.81
MinimumVisualStudioVersion = 10.0.40219.1
Project("{FAE04EC0-301F-11D3-BF4B-00C04F79EFBC}") = "Expr68", "Expr 68\Expr68.csproj", "{D739D8CF-E478-4323-964E-3F9E387DBA82}"
EndProject
Global
	GlobalSection(SolutionConfigurationPlatforms) = preSolution
		Debug|Any CPU = Debug|Any CPU
		Release|Any CPU = Release|Any CPU
	EndGlobalSection
	GlobalSection(ProjectConfigurationPlatforms) = postSolution
		{D739D8CF-E478-4323-964E-3F9E387DBA82}.Debug|Any CPU.ActiveCfg = Debug|Any CPU
		{D739D8CF-E478-4323-964E-3F9E387DBA82}.Debug|Any CPU.Build.0 = Debug|Any CPU
		{D739D8CF-E478-4323-964E-3F9E387DBA82}.Release|Any CPU.ActiveCfg = Release|Any CPU
		{D739D8CF-E478-4323-964E-3F9E387DBA82}.Release|Any CPU.Build.0 = Release|Any CPU
	EndGlobalSection
	GlobalSection(SolutionProperties) = preSolution
		HideSolutionNode = FALSE
	EndGlobalSection
	GlobalSection(ExtensibilityGlobals) = postSolution
		SolutionGuid = {05C30F7A-9E6E-4938-9478-62AB9DA00A86}
	EndGlobalSection
EndGlobal
