
Microsoft Visual Studio Solution File, Format Version 12.00
# Visual Studio Version 16
VisualStudioVersion = 16.0.29306.81
MinimumVisualStudioVersion = 10.0.40219.1
Project("{FAE04EC0-301F-11D3-BF4B-00C04F79EFBC}") = "minilab3", "minilab3.csproj", "{9FF672C4-004C-4C5C-AA83-2A1BA8D43295}"
EndProject
Global
	GlobalSection(SolutionConfigurationPlatforms) = preSolution
		Debug|Any CPU = Debug|Any CPU
		Release|Any CPU = Release|Any CPU
	EndGlobalSection
	GlobalSection(ProjectConfigurationPlatforms) = postSolution
		{9FF672C4-004C-4C5C-AA83-2A1BA8D43295}.Debug|Any CPU.ActiveCfg = Debug|Any CPU
		{9FF672C4-004C-4C5C-AA83-2A1BA8D43295}.Debug|Any CPU.Build.0 = Debug|Any CPU
		{9FF672C4-004C-4C5C-AA83-2A1BA8D43295}.Release|Any CPU.ActiveCfg = Release|Any CPU
		{9FF672C4-004C-4C5C-AA83-2A1BA8D43295}.Release|Any CPU.Build.0 = Release|Any CPU
	EndGlobalSection
	GlobalSection(SolutionProperties) = preSolution
		HideSolutionNode = FALSE
	EndGlobalSection
	GlobalSection(ExtensibilityGlobals) = postSolution
		SolutionGuid = {D0F4E77B-E9E2-479D-B2C8-6F81551CAE54}
	EndGlobalSection
EndGlobal
